<?xml version="1.0" encoding="utf-8"?>
<Project ToolsVersion="4.0" xmlns="http://schemas.microsoft.com/developer/msbuild/2003">
  <ItemGroup>
    <Filter Include="Resources">
      <UniqueIdentifier>{235cebaa-a0c7-46af-b1a1-165dbcab7b8a}</UniqueIdentifier>
    </Filter>
    <Filter Include="Tools">
      <UniqueIdentifier>{207f77db-7e99-4d7c-aa4a-2d5ffb2d6a7e}</UniqueIdentifier>
    </Filter>
  </ItemGroup>
  <ItemGroup>
    <ClInclude Include="include\Soul_Input.h">
      <Filter>Tools</Filter>
    </ClInclude>
    <ClInclude Include="include\soSuscription.h">
      <Filter>Resources</Filter>
    </ClInclude>
    <ClInclude Include="include\soOISManager.h">
      <Filter>Resources</Filter>
    </ClInclude>
    <ClInclude Include="include\soOISEventHandler.h">
      <Filter>Resources</Filter>
    </ClInclude>
    <ClInclude Include="include\soInputMap.h">
      <Filter>Resources</Filter>
    </ClInclude>
  </ItemGroup>
  <ItemGroup>
    <ClCompile Include="src\soOISManager.cpp">
      <Filter>Resources</Filter>
    </ClCompile>
    <ClCompile Include="src\soSuscription.cpp">
      <Filter>Resources</Filter>
    </ClCompile>
    <ClCompile Include="src\soOISEventHandler.cpp">
      <Filter>Resources</Filter>
    </ClCompile>
    <ClCompile Include="src\soInputMap.cpp">
      <Filter>Resources</Filter>
    </ClCompile>
  </ItemGroup>
</Project>