
Microsoft Visual Studio Solution File, Format Version 12.00
# Visual Studio 14
VisualStudioVersion = 14.0.25420.1
MinimumVisualStudioVersion = 10.0.40219.1
Project("{8BC9CEB8-8B4A-11D0-8D11-00A0C91BC942}") = "SoulMath", "SoulMath\SoulMath.vcxproj", "{34E9AB27-3EB4-4EA4-A4E6-201DCFB92D6F}"
	ProjectSection(ProjectDependencies) = postProject
		{DB2B1C45-7AC6-40DC-BDDC-E97A62043F16} = {DB2B1C45-7AC6-40DC-BDDC-E97A62043F16}
	EndProjectSection
EndProject
Project("{8BC9CEB8-8B4A-11D0-8D11-00A0C91BC942}") = "SoulGUI", "SoulGUI\SoulGUI.vcxproj", "{C1C0B665-0E82-4F47-B6DE-C7D682D13355}"
EndProject
Project("{8BC9CEB8-8B4A-11D0-8D11-00A0C91BC942}") = "SoulCore", "SoulCore\SoulCore.vcxproj", "{8FADED1F-2C98-448D-9EA1-662F9A6CCF18}"
	ProjectSection(ProjectDependencies) = postProject
		{34E9AB27-3EB4-4EA4-A4E6-201DCFB92D6F} = {34E9AB27-3EB4-4EA4-A4E6-201DCFB92D6F}
		{DB2B1C45-7AC6-40DC-BDDC-E97A62043F16} = {DB2B1C45-7AC6-40DC-BDDC-E97A62043F16}
		{C1C0B665-0E82-4F47-B6DE-C7D682D13355} = {C1C0B665-0E82-4F47-B6DE-C7D682D13355}
		{B6AD57A7-A572-45D5-AA6B-EB360476E977} = {B6AD57A7-A572-45D5-AA6B-EB360476E977}
	EndProjectSection
EndProject
Project("{8BC9CEB8-8B4A-11D0-8D11-00A0C91BC942}") = "SoulD3D11APIGraphic", "SoulD3D11APIGraphic\SoulD3D11APIGraphic.vcxproj", "{E278437D-6A8A-4DA4-8724-45C4C6C1D18E}"
	ProjectSection(ProjectDependencies) = postProject
		{8FADED1F-2C98-448D-9EA1-662F9A6CCF18} = {8FADED1F-2C98-448D-9EA1-662F9A6CCF18}
		{34E9AB27-3EB4-4EA4-A4E6-201DCFB92D6F} = {34E9AB27-3EB4-4EA4-A4E6-201DCFB92D6F}
		{DB2B1C45-7AC6-40DC-BDDC-E97A62043F16} = {DB2B1C45-7AC6-40DC-BDDC-E97A62043F16}
		{C1C0B665-0E82-4F47-B6DE-C7D682D13355} = {C1C0B665-0E82-4F47-B6DE-C7D682D13355}
		{B6AD57A7-A572-45D5-AA6B-EB360476E977} = {B6AD57A7-A572-45D5-AA6B-EB360476E977}
	EndProjectSection
EndProject
Project("{8BC9CEB8-8B4A-11D0-8D11-00A0C91BC942}") = "SoulRender", "SoulRender\SoulRender.vcxproj", "{556DF4FF-0B16-465F-8AA0-EED0FA72317D}"
	ProjectSection(ProjectDependencies) = postProject
		{8FADED1F-2C98-448D-9EA1-662F9A6CCF18} = {8FADED1F-2C98-448D-9EA1-662F9A6CCF18}
		{34E9AB27-3EB4-4EA4-A4E6-201DCFB92D6F} = {34E9AB27-3EB4-4EA4-A4E6-201DCFB92D6F}
		{399F3E41-7C4E-4B8C-92B1-8CFAAE136293} = {399F3E41-7C4E-4B8C-92B1-8CFAAE136293}
		{DB2B1C45-7AC6-40DC-BDDC-E97A62043F16} = {DB2B1C45-7AC6-40DC-BDDC-E97A62043F16}
		{C1C0B665-0E82-4F47-B6DE-C7D682D13355} = {C1C0B665-0E82-4F47-B6DE-C7D682D13355}
		{E278437D-6A8A-4DA4-8724-45C4C6C1D18E} = {E278437D-6A8A-4DA4-8724-45C4C6C1D18E}
		{B6AD57A7-A572-45D5-AA6B-EB360476E977} = {B6AD57A7-A572-45D5-AA6B-EB360476E977}
	EndProjectSection
EndProject
Project("{8BC9CEB8-8B4A-11D0-8D11-00A0C91BC942}") = "SoulEditor", "SoulEditor\SoulEditor.vcxproj", "{FF37BEA6-8F8D-4D56-B522-D42FDD9A3B56}"
	ProjectSection(ProjectDependencies) = postProject
		{8FADED1F-2C98-448D-9EA1-662F9A6CCF18} = {8FADED1F-2C98-448D-9EA1-662F9A6CCF18}
		{ACA7C823-34F5-401F-9719-328B0EE40BF2} = {ACA7C823-34F5-401F-9719-328B0EE40BF2}
		{34E9AB27-3EB4-4EA4-A4E6-201DCFB92D6F} = {34E9AB27-3EB4-4EA4-A4E6-201DCFB92D6F}
		{399F3E41-7C4E-4B8C-92B1-8CFAAE136293} = {399F3E41-7C4E-4B8C-92B1-8CFAAE136293}
		{DB2B1C45-7AC6-40DC-BDDC-E97A62043F16} = {DB2B1C45-7AC6-40DC-BDDC-E97A62043F16}
		{C1C0B665-0E82-4F47-B6DE-C7D682D13355} = {C1C0B665-0E82-4F47-B6DE-C7D682D13355}
		{E278437D-6A8A-4DA4-8724-45C4C6C1D18E} = {E278437D-6A8A-4DA4-8724-45C4C6C1D18E}
		{B6AD57A7-A572-45D5-AA6B-EB360476E977} = {B6AD57A7-A572-45D5-AA6B-EB360476E977}
		{556DF4FF-0B16-465F-8AA0-EED0FA72317D} = {556DF4FF-0B16-465F-8AA0-EED0FA72317D}
	EndProjectSection
EndProject
Project("{8BC9CEB8-8B4A-11D0-8D11-00A0C91BC942}") = "SoulAI", "SoulAI\SoulAI.vcxproj", "{B6AD57A7-A572-45D5-AA6B-EB360476E977}"
	ProjectSection(ProjectDependencies) = postProject
		{34E9AB27-3EB4-4EA4-A4E6-201DCFB92D6F} = {34E9AB27-3EB4-4EA4-A4E6-201DCFB92D6F}
		{DB2B1C45-7AC6-40DC-BDDC-E97A62043F16} = {DB2B1C45-7AC6-40DC-BDDC-E97A62043F16}
	EndProjectSection
EndProject
Project("{8BC9CEB8-8B4A-11D0-8D11-00A0C91BC942}") = "SoulInput", "SoulInput\SoulInput.vcxproj", "{ACA7C823-34F5-401F-9719-328B0EE40BF2}"
	ProjectSection(ProjectDependencies) = postProject
		{399F3E41-7C4E-4B8C-92B1-8CFAAE136293} = {399F3E41-7C4E-4B8C-92B1-8CFAAE136293}
	EndProjectSection
EndProject
Project("{8BC9CEB8-8B4A-11D0-8D11-00A0C91BC942}") = "SoulStandardTools", "SoulStandardTools\SoulStandardTools.vcxproj", "{DB2B1C45-7AC6-40DC-BDDC-E97A62043F16}"
EndProject
Project("{8BC9CEB8-8B4A-11D0-8D11-00A0C91BC942}") = "SoulEngine", "SoulEngine\SoulEngine.vcxproj", "{399F3E41-7C4E-4B8C-92B1-8CFAAE136293}"
	ProjectSection(ProjectDependencies) = postProject
		{8FADED1F-2C98-448D-9EA1-662F9A6CCF18} = {8FADED1F-2C98-448D-9EA1-662F9A6CCF18}
		{34E9AB27-3EB4-4EA4-A4E6-201DCFB92D6F} = {34E9AB27-3EB4-4EA4-A4E6-201DCFB92D6F}
		{DB2B1C45-7AC6-40DC-BDDC-E97A62043F16} = {DB2B1C45-7AC6-40DC-BDDC-E97A62043F16}
		{C1C0B665-0E82-4F47-B6DE-C7D682D13355} = {C1C0B665-0E82-4F47-B6DE-C7D682D13355}
		{E278437D-6A8A-4DA4-8724-45C4C6C1D18E} = {E278437D-6A8A-4DA4-8724-45C4C6C1D18E}
		{B6AD57A7-A572-45D5-AA6B-EB360476E977} = {B6AD57A7-A572-45D5-AA6B-EB360476E977}
	EndProjectSection
EndProject
Global
	GlobalSection(SolutionConfigurationPlatforms) = preSolution
		Debug|x64 = Debug|x64
		Debug|x86 = Debug|x86
		Profile|x64 = Profile|x64
		Profile|x86 = Profile|x86
		Release|x64 = Release|x64
		Release|x86 = Release|x86
	EndGlobalSection
	GlobalSection(ProjectConfigurationPlatforms) = postSolution
		{34E9AB27-3EB4-4EA4-A4E6-201DCFB92D6F}.Debug|x64.ActiveCfg = Debug|x64
		{34E9AB27-3EB4-4EA4-A4E6-201DCFB92D6F}.Debug|x64.Build.0 = Debug|x64
		{34E9AB27-3EB4-4EA4-A4E6-201DCFB92D6F}.Debug|x86.ActiveCfg = Debug|Win32
		{34E9AB27-3EB4-4EA4-A4E6-201DCFB92D6F}.Debug|x86.Build.0 = Debug|Win32
		{34E9AB27-3EB4-4EA4-A4E6-201DCFB92D6F}.Profile|x64.ActiveCfg = Profile|x64
		{34E9AB27-3EB4-4EA4-A4E6-201DCFB92D6F}.Profile|x64.Build.0 = Profile|x64
		{34E9AB27-3EB4-4EA4-A4E6-201DCFB92D6F}.Profile|x86.ActiveCfg = Profile|Win32
		{34E9AB27-3EB4-4EA4-A4E6-201DCFB92D6F}.Profile|x86.Build.0 = Profile|Win32
		{34E9AB27-3EB4-4EA4-A4E6-201DCFB92D6F}.Release|x64.ActiveCfg = Release|x64
		{34E9AB27-3EB4-4EA4-A4E6-201DCFB92D6F}.Release|x64.Build.0 = Release|x64
		{34E9AB27-3EB4-4EA4-A4E6-201DCFB92D6F}.Release|x86.ActiveCfg = Release|Win32
		{34E9AB27-3EB4-4EA4-A4E6-201DCFB92D6F}.Release|x86.Build.0 = Release|Win32
		{C1C0B665-0E82-4F47-B6DE-C7D682D13355}.Debug|x64.ActiveCfg = Debug|x64
		{C1C0B665-0E82-4F47-B6DE-C7D682D13355}.Debug|x64.Build.0 = Debug|x64
		{C1C0B665-0E82-4F47-B6DE-C7D682D13355}.Debug|x86.ActiveCfg = Debug|Win32
		{C1C0B665-0E82-4F47-B6DE-C7D682D13355}.Debug|x86.Build.0 = Debug|Win32
		{C1C0B665-0E82-4F47-B6DE-C7D682D13355}.Profile|x64.ActiveCfg = Profile|x64
		{C1C0B665-0E82-4F47-B6DE-C7D682D13355}.Profile|x64.Build.0 = Profile|x64
		{C1C0B665-0E82-4F47-B6DE-C7D682D13355}.Profile|x86.ActiveCfg = Profile|Win32
		{C1C0B665-0E82-4F47-B6DE-C7D682D13355}.Profile|x86.Build.0 = Profile|Win32
		{C1C0B665-0E82-4F47-B6DE-C7D682D13355}.Release|x64.ActiveCfg = Release|x64
		{C1C0B665-0E82-4F47-B6DE-C7D682D13355}.Release|x64.Build.0 = Release|x64
		{C1C0B665-0E82-4F47-B6DE-C7D682D13355}.Release|x86.ActiveCfg = Release|Win32
		{C1C0B665-0E82-4F47-B6DE-C7D682D13355}.Release|x86.Build.0 = Release|Win32
		{8FADED1F-2C98-448D-9EA1-662F9A6CCF18}.Debug|x64.ActiveCfg = Debug|x64
		{8FADED1F-2C98-448D-9EA1-662F9A6CCF18}.Debug|x64.Build.0 = Debug|x64
		{8FADED1F-2C98-448D-9EA1-662F9A6CCF18}.Debug|x86.ActiveCfg = Debug|Win32
		{8FADED1F-2C98-448D-9EA1-662F9A6CCF18}.Debug|x86.Build.0 = Debug|Win32
		{8FADED1F-2C98-448D-9EA1-662F9A6CCF18}.Profile|x64.ActiveCfg = Profile|x64
		{8FADED1F-2C98-448D-9EA1-662F9A6CCF18}.Profile|x64.Build.0 = Profile|x64
		{8FADED1F-2C98-448D-9EA1-662F9A6CCF18}.Profile|x86.ActiveCfg = Profile|Win32
		{8FADED1F-2C98-448D-9EA1-662F9A6CCF18}.Profile|x86.Build.0 = Profile|Win32
		{8FADED1F-2C98-448D-9EA1-662F9A6CCF18}.Release|x64.ActiveCfg = Release|x64
		{8FADED1F-2C98-448D-9EA1-662F9A6CCF18}.Release|x64.Build.0 = Release|x64
		{8FADED1F-2C98-448D-9EA1-662F9A6CCF18}.Release|x86.ActiveCfg = Release|Win32
		{8FADED1F-2C98-448D-9EA1-662F9A6CCF18}.Release|x86.Build.0 = Release|Win32
		{E278437D-6A8A-4DA4-8724-45C4C6C1D18E}.Debug|x64.ActiveCfg = Debug|x64
		{E278437D-6A8A-4DA4-8724-45C4C6C1D18E}.Debug|x64.Build.0 = Debug|x64
		{E278437D-6A8A-4DA4-8724-45C4C6C1D18E}.Debug|x86.ActiveCfg = Debug|Win32
		{E278437D-6A8A-4DA4-8724-45C4C6C1D18E}.Debug|x86.Build.0 = Debug|Win32
		{E278437D-6A8A-4DA4-8724-45C4C6C1D18E}.Profile|x64.ActiveCfg = Profile|x64
		{E278437D-6A8A-4DA4-8724-45C4C6C1D18E}.Profile|x64.Build.0 = Profile|x64
		{E278437D-6A8A-4DA4-8724-45C4C6C1D18E}.Profile|x86.ActiveCfg = Profile|Win32
		{E278437D-6A8A-4DA4-8724-45C4C6C1D18E}.Profile|x86.Build.0 = Profile|Win32
		{E278437D-6A8A-4DA4-8724-45C4C6C1D18E}.Release|x64.ActiveCfg = Release|x64
		{E278437D-6A8A-4DA4-8724-45C4C6C1D18E}.Release|x64.Build.0 = Release|x64
		{E278437D-6A8A-4DA4-8724-45C4C6C1D18E}.Release|x86.ActiveCfg = Release|Win32
		{E278437D-6A8A-4DA4-8724-45C4C6C1D18E}.Release|x86.Build.0 = Release|Win32
		{556DF4FF-0B16-465F-8AA0-EED0FA72317D}.Debug|x64.ActiveCfg = Debug|x64
		{556DF4FF-0B16-465F-8AA0-EED0FA72317D}.Debug|x64.Build.0 = Debug|x64
		{556DF4FF-0B16-465F-8AA0-EED0FA72317D}.Debug|x86.ActiveCfg = Debug|Win32
		{556DF4FF-0B16-465F-8AA0-EED0FA72317D}.Debug|x86.Build.0 = Debug|Win32
		{556DF4FF-0B16-465F-8AA0-EED0FA72317D}.Profile|x64.ActiveCfg = Profile|x64
		{556DF4FF-0B16-465F-8AA0-EED0FA72317D}.Profile|x64.Build.0 = Profile|x64
		{556DF4FF-0B16-465F-8AA0-EED0FA72317D}.Profile|x86.ActiveCfg = Profile|Win32
		{556DF4FF-0B16-465F-8AA0-EED0FA72317D}.Profile|x86.Build.0 = Profile|Win32
		{556DF4FF-0B16-465F-8AA0-EED0FA72317D}.Release|x64.ActiveCfg = Release|x64
		{556DF4FF-0B16-465F-8AA0-EED0FA72317D}.Release|x64.Build.0 = Release|x64
		{556DF4FF-0B16-465F-8AA0-EED0FA72317D}.Release|x86.ActiveCfg = Release|Win32
		{556DF4FF-0B16-465F-8AA0-EED0FA72317D}.Release|x86.Build.0 = Release|Win32
		{FF37BEA6-8F8D-4D56-B522-D42FDD9A3B56}.Debug|x64.ActiveCfg = Debug|x64
		{FF37BEA6-8F8D-4D56-B522-D42FDD9A3B56}.Debug|x64.Build.0 = Debug|x64
		{FF37BEA6-8F8D-4D56-B522-D42FDD9A3B56}.Debug|x86.ActiveCfg = Debug|Win32
		{FF37BEA6-8F8D-4D56-B522-D42FDD9A3B56}.Debug|x86.Build.0 = Debug|Win32
		{FF37BEA6-8F8D-4D56-B522-D42FDD9A3B56}.Profile|x64.ActiveCfg = Profile|x64
		{FF37BEA6-8F8D-4D56-B522-D42FDD9A3B56}.Profile|x64.Build.0 = Profile|x64
		{FF37BEA6-8F8D-4D56-B522-D42FDD9A3B56}.Profile|x86.ActiveCfg = Profile|Win32
		{FF37BEA6-8F8D-4D56-B522-D42FDD9A3B56}.Profile|x86.Build.0 = Profile|Win32
		{FF37BEA6-8F8D-4D56-B522-D42FDD9A3B56}.Release|x64.ActiveCfg = Release|x64
		{FF37BEA6-8F8D-4D56-B522-D42FDD9A3B56}.Release|x64.Build.0 = Release|x64
		{FF37BEA6-8F8D-4D56-B522-D42FDD9A3B56}.Release|x86.ActiveCfg = Release|Win32
		{FF37BEA6-8F8D-4D56-B522-D42FDD9A3B56}.Release|x86.Build.0 = Release|Win32
		{B6AD57A7-A572-45D5-AA6B-EB360476E977}.Debug|x64.ActiveCfg = Debug|x64
		{B6AD57A7-A572-45D5-AA6B-EB360476E977}.Debug|x64.Build.0 = Debug|x64
		{B6AD57A7-A572-45D5-AA6B-EB360476E977}.Debug|x86.ActiveCfg = Debug|Win32
		{B6AD57A7-A572-45D5-AA6B-EB360476E977}.Debug|x86.Build.0 = Debug|Win32
		{B6AD57A7-A572-45D5-AA6B-EB360476E977}.Profile|x64.ActiveCfg = Profile|x64
		{B6AD57A7-A572-45D5-AA6B-EB360476E977}.Profile|x64.Build.0 = Profile|x64
		{B6AD57A7-A572-45D5-AA6B-EB360476E977}.Profile|x86.ActiveCfg = Profile|Win32
		{B6AD57A7-A572-45D5-AA6B-EB360476E977}.Profile|x86.Build.0 = Profile|Win32
		{B6AD57A7-A572-45D5-AA6B-EB360476E977}.Release|x64.ActiveCfg = Release|x64
		{B6AD57A7-A572-45D5-AA6B-EB360476E977}.Release|x64.Build.0 = Release|x64
		{B6AD57A7-A572-45D5-AA6B-EB360476E977}.Release|x86.ActiveCfg = Release|Win32
		{B6AD57A7-A572-45D5-AA6B-EB360476E977}.Release|x86.Build.0 = Release|Win32
		{ACA7C823-34F5-401F-9719-328B0EE40BF2}.Debug|x64.ActiveCfg = Debug|x64
		{ACA7C823-34F5-401F-9719-328B0EE40BF2}.Debug|x64.Build.0 = Debug|x64
		{ACA7C823-34F5-401F-9719-328B0EE40BF2}.Debug|x86.ActiveCfg = Debug|Win32
		{ACA7C823-34F5-401F-9719-328B0EE40BF2}.Debug|x86.Build.0 = Debug|Win32
		{ACA7C823-34F5-401F-9719-328B0EE40BF2}.Profile|x64.ActiveCfg = Profile|x64
		{ACA7C823-34F5-401F-9719-328B0EE40BF2}.Profile|x64.Build.0 = Profile|x64
		{ACA7C823-34F5-401F-9719-328B0EE40BF2}.Profile|x86.ActiveCfg = Profile|Win32
		{ACA7C823-34F5-401F-9719-328B0EE40BF2}.Profile|x86.Build.0 = Profile|Win32
		{ACA7C823-34F5-401F-9719-328B0EE40BF2}.Release|x64.ActiveCfg = Release|x64
		{ACA7C823-34F5-401F-9719-328B0EE40BF2}.Release|x64.Build.0 = Release|x64
		{ACA7C823-34F5-401F-9719-328B0EE40BF2}.Release|x86.ActiveCfg = Release|Win32
		{ACA7C823-34F5-401F-9719-328B0EE40BF2}.Release|x86.Build.0 = Release|Win32
		{DB2B1C45-7AC6-40DC-BDDC-E97A62043F16}.Debug|x64.ActiveCfg = Debug|x64
		{DB2B1C45-7AC6-40DC-BDDC-E97A62043F16}.Debug|x64.Build.0 = Debug|x64
		{DB2B1C45-7AC6-40DC-BDDC-E97A62043F16}.Debug|x86.ActiveCfg = Debug|Win32
		{DB2B1C45-7AC6-40DC-BDDC-E97A62043F16}.Debug|x86.Build.0 = Debug|Win32
		{DB2B1C45-7AC6-40DC-BDDC-E97A62043F16}.Profile|x64.ActiveCfg = Profile|x64
		{DB2B1C45-7AC6-40DC-BDDC-E97A62043F16}.Profile|x64.Build.0 = Profile|x64
		{DB2B1C45-7AC6-40DC-BDDC-E97A62043F16}.Profile|x86.ActiveCfg = Profile|Win32
		{DB2B1C45-7AC6-40DC-BDDC-E97A62043F16}.Profile|x86.Build.0 = Profile|Win32
		{DB2B1C45-7AC6-40DC-BDDC-E97A62043F16}.Release|x64.ActiveCfg = Release|x64
		{DB2B1C45-7AC6-40DC-BDDC-E97A62043F16}.Release|x64.Build.0 = Release|x64
		{DB2B1C45-7AC6-40DC-BDDC-E97A62043F16}.Release|x86.ActiveCfg = Release|Win32
		{DB2B1C45-7AC6-40DC-BDDC-E97A62043F16}.Release|x86.Build.0 = Release|Win32
		{399F3E41-7C4E-4B8C-92B1-8CFAAE136293}.Debug|x64.ActiveCfg = Debug|x64
		{399F3E41-7C4E-4B8C-92B1-8CFAAE136293}.Debug|x64.Build.0 = Debug|x64
		{399F3E41-7C4E-4B8C-92B1-8CFAAE136293}.Debug|x86.ActiveCfg = Debug|Win32
		{399F3E41-7C4E-4B8C-92B1-8CFAAE136293}.Debug|x86.Build.0 = Debug|Win32
		{399F3E41-7C4E-4B8C-92B1-8CFAAE136293}.Profile|x64.ActiveCfg = Profile|x64
		{399F3E41-7C4E-4B8C-92B1-8CFAAE136293}.Profile|x64.Build.0 = Profile|x64
		{399F3E41-7C4E-4B8C-92B1-8CFAAE136293}.Profile|x86.ActiveCfg = Profile|Win32
		{399F3E41-7C4E-4B8C-92B1-8CFAAE136293}.Profile|x86.Build.0 = Profile|Win32
		{399F3E41-7C4E-4B8C-92B1-8CFAAE136293}.Release|x64.ActiveCfg = Release|x64
		{399F3E41-7C4E-4B8C-92B1-8CFAAE136293}.Release|x64.Build.0 = Release|x64
		{399F3E41-7C4E-4B8C-92B1-8CFAAE136293}.Release|x86.ActiveCfg = Release|Win32
		{399F3E41-7C4E-4B8C-92B1-8CFAAE136293}.Release|x86.Build.0 = Release|Win32
	EndGlobalSection
	GlobalSection(SolutionProperties) = preSolution
		HideSolutionNode = FALSE
	EndGlobalSection
EndGlobal
