<?xml version="1.0" encoding="utf-8"?>
<Project ToolsVersion="4.0" xmlns="http://schemas.microsoft.com/developer/msbuild/2003">
  <ItemGroup>
    <Filter Include="Tools">
      <UniqueIdentifier>{4ebfab9b-86df-4654-a5e4-1cec59fd303f}</UniqueIdentifier>
    </Filter>
    <Filter Include="Resources">
      <UniqueIdentifier>{4eb3a97e-9a2e-47ee-acd8-68bcb0ffa0d5}</UniqueIdentifier>
    </Filter>
    <Filter Include="Managers">
      <UniqueIdentifier>{e57f3bd5-41e2-43ee-ac40-9578740fed24}</UniqueIdentifier>
    </Filter>
  </ItemGroup>
  <ItemGroup>
    <ClInclude Include="include\Soul_AI.h">
      <Filter>Tools</Filter>
    </ClInclude>
    <ClInclude Include="include\soNode.h">
      <Filter>Resources</Filter>
    </ClInclude>
    <ClInclude Include="include\soBreadthFirstSearch.h">
      <Filter>Resources</Filter>
    </ClInclude>
    <ClInclude Include="include\soAIManager.h">
      <Filter>Managers</Filter>
    </ClInclude>
    <ClInclude Include="include\soFollowPath.h">
      <Filter>Resources</Filter>
    </ClInclude>
  </ItemGroup>
  <ItemGroup>
    <ClCompile Include="src\soNode.cpp">
      <Filter>Resources</Filter>
    </ClCompile>
    <ClCompile Include="src\soBreadthFirstSearch.cpp">
      <Filter>Resources</Filter>
    </ClCompile>
    <ClCompile Include="src\soAIManager.cpp">
      <Filter>Managers</Filter>
    </ClCompile>
    <ClCompile Include="src\soFollowPath.cpp">
      <Filter>Resources</Filter>
    </ClCompile>
  </ItemGroup>
</Project>