<?xml version="1.0" encoding="utf-8"?>
<Project ToolsVersion="4.0" xmlns="http://schemas.microsoft.com/developer/msbuild/2003">
  <ItemGroup>
    <Filter Include="Core">
      <UniqueIdentifier>{90d94d2e-9127-489d-90e6-974c6f1d4c6f}</UniqueIdentifier>
    </Filter>
    <Filter Include="Tools">
      <UniqueIdentifier>{e5a2af17-1a3e-4f00-bd9f-f266ba65939c}</UniqueIdentifier>
    </Filter>
  </ItemGroup>
  <ItemGroup>
    <ClInclude Include="include\Soul_Core.h">
      <Filter>Tools</Filter>
    </ClInclude>
    <ClInclude Include="include\soPool.h">
      <Filter>Core</Filter>
    </ClInclude>
  </ItemGroup>
  <ItemGroup>
    <ClCompile Include="src\soPool.cpp">
      <Filter>Core</Filter>
    </ClCompile>
  </ItemGroup>
</Project>